PODS:
  - Realm (0.100.0):
    - Realm/Headers (= 0.100.0)
  - Realm/Headers (0.100.0)
  - RealmSwift (0.100.0):
    - Realm (= 0.100.0)

DEPENDENCIES:
  - RealmSwift

SPEC CHECKSUMS:
  Realm: b13b548e712d28a66678970c45cd245ebb94ba3b
  RealmSwift: 1bb0ba2ceaa06b65d740b4f91bfa06e3fd1b805c

COCOAPODS: 0.39.0
