// !$*UTF8*$!
{
	archiveVersion = 1;
	classes = {
	};
	objectVersion = 46;
	objects = {

/* Begin PBXBuildFile section */
		7B5DAB041C6259A800811C11 /* Launch Screen.storyboard in Resources */ = {isa = PBXBuildFile; fileRef = 7B5DAB031C6259A800811C11 /* Launch Screen.storyboard */; };
		7B5DAB061C625BB600811C11 /* FeedProvider.swift in Sources */ = {isa = PBXBuildFile; fileRef = 7B5DAB051C625BB600811C11 /* FeedProvider.swift */; };
		7BC16963194277F000C61224 /* AppDelegate.swift in Sources */ = {isa = PBXBuildFile; fileRef = 7BC16962194277F000C61224 /* AppDelegate.swift */; };
		7BC16965194277F000C61224 /* Images.xcassets in Resources */ = {isa = PBXBuildFile; fileRef = 7BC16964194277F000C61224 /* Images.xcassets */; };
		7BC1697B19427A4800C61224 /* NewsTableViewController.swift in Sources */ = {isa = PBXBuildFile; fileRef = 7BC1697A19427A4800C61224 /* NewsTableViewController.swift */; };
		7BC1697D19428EF100C61224 /* TableViewCell.swift in Sources */ = {isa = PBXBuildFile; fileRef = 7BC1697C19428EF100C61224 /* TableViewCell.swift */; };
		C41C20451CD7BF5F0039D12C /* Entry.swift in Sources */ = {isa = PBXBuildFile; fileRef = C41C20441CD7BF5F0039D12C /* Entry.swift */; };
		C41C204E1CD7C5790039D12C /* Category.swift in Sources */ = {isa = PBXBuildFile; fileRef = C41C204D1CD7C5790039D12C /* Category.swift */; };
/* End PBXBuildFile section */

/* Begin PBXFileReference section */
		7B5DAB031C6259A800811C11 /* Launch Screen.storyboard */ = {isa = PBXFileReference; fileEncoding = 4; lastKnownFileType = file.storyboard; path = "Launch Screen.storyboard"; sourceTree = "<group>"; };
		7B5DAB051C625BB600811C11 /* FeedProvider.swift */ = {isa = PBXFileReference; fileEncoding = 4; lastKnownFileType = sourcecode.swift; path = FeedProvider.swift; sourceTree = "<group>"; };
		7BC1695D194277F000C61224 /* Swifty News.app */ = {isa = PBXFileReference; explicitFileType = wrapper.application; includeInIndex = 0; path = "Swifty News.app"; sourceTree = BUILT_PRODUCTS_DIR; };
		7BC16961194277F000C61224 /* Info.plist */ = {isa = PBXFileReference; lastKnownFileType = text.plist.xml; path = Info.plist; sourceTree = "<group>"; };
		7BC16962194277F000C61224 /* AppDelegate.swift */ = {isa = PBXFileReference; lastKnownFileType = sourcecode.swift; path = AppDelegate.swift; sourceTree = "<group>"; };
		7BC16964194277F000C61224 /* Images.xcassets */ = {isa = PBXFileReference; lastKnownFileType = folder.assetcatalog; path = Images.xcassets; sourceTree = "<group>"; };
		7BC1697A19427A4800C61224 /* NewsTableViewController.swift */ = {isa = PBXFileReference; fileEncoding = 4; lastKnownFileType = sourcecode.swift; path = NewsTableViewController.swift; sourceTree = "<group>"; };
		7BC1697C19428EF100C61224 /* TableViewCell.swift */ = {isa = PBXFileReference; fileEncoding = 4; lastKnownFileType = sourcecode.swift; path = TableViewCell.swift; sourceTree = "<group>"; };
		C41C20441CD7BF5F0039D12C /* Entry.swift */ = {isa = PBXFileReference; fileEncoding = 4; lastKnownFileType = sourcecode.swift; name = Entry.swift; path = Models/Entry.swift; sourceTree = "<group>"; };
		C41C204D1CD7C5790039D12C /* Category.swift */ = {isa = PBXFileReference; fileEncoding = 4; lastKnownFileType = sourcecode.swift; name = Category.swift; path = Models/Category.swift; sourceTree = "<group>"; };
/* End PBXFileReference section */

/* Begin PBXFrameworksBuildPhase section */
		7BC1695A194277F000C61224 /* Frameworks */ = {
			isa = PBXFrameworksBuildPhase;
			buildActionMask = 2147483647;
			files = (
			);
			runOnlyForDeploymentPostprocessing = 0;
		};
/* End PBXFrameworksBuildPhase section */

/* Begin PBXGroup section */
		7BC16954194277F000C61224 = {
			isa = PBXGroup;
			children = (
				7BC1695F194277F000C61224 /* Swifty News */,
				7BC1695E194277F000C61224 /* Products */,
			);
			sourceTree = "<group>";
		};
		7BC1695E194277F000C61224 /* Products */ = {
			isa = PBXGroup;
			children = (
				7BC1695D194277F000C61224 /* Swifty News.app */,
			);
			name = Products;
			sourceTree = "<group>";
		};
		7BC1695F194277F000C61224 /* Swifty News */ = {
			isa = PBXGroup;
			children = (
				7BC16962194277F000C61224 /* AppDelegate.swift */,
				C41C20431CD7BE370039D12C /* Models */,
				7BC1697A19427A4800C61224 /* NewsTableViewController.swift */,
				7BC1697C19428EF100C61224 /* TableViewCell.swift */,
				7B5DAB031C6259A800811C11 /* Launch Screen.storyboard */,
				7BC16964194277F000C61224 /* Images.xcassets */,
				7BC16960194277F000C61224 /* Supporting Files */,
			);
			path = "Swifty News";
			sourceTree = "<group>";
		};
		7BC16960194277F000C61224 /* Supporting Files */ = {
			isa = PBXGroup;
			children = (
				7BC16961194277F000C61224 /* Info.plist */,
			);
			name = "Supporting Files";
			sourceTree = "<group>";
		};
		C41C20431CD7BE370039D12C /* Models */ = {
			isa = PBXGroup;
			children = (
				7B5DAB051C625BB600811C11 /* FeedProvider.swift */,
				C41C20441CD7BF5F0039D12C /* Entry.swift */,
				C41C204D1CD7C5790039D12C /* Category.swift */,
			);
			name = Models;
			sourceTree = "<group>";
		};
/* End PBXGroup section */

/* Begin PBXNativeTarget section */
		7BC1695C194277F000C61224 /* Swifty News */ = {
			isa = PBXNativeTarget;
			buildConfigurationList = 7BC16974194277F000C61224 /* Build configuration list for PBXNativeTarget "Swifty News" */;
			buildPhases = (
				7BC16959194277F000C61224 /* Sources */,
				7BC1695A194277F000C61224 /* Frameworks */,
				7BC1695B194277F000C61224 /* Resources */,
			);
			buildRules = (
			);
			dependencies = (
			);
			name = "Swifty News";
			productName = "Swifty News";
			productReference = 7BC1695D194277F000C61224 /* Swifty News.app */;
			productType = "com.apple.product-type.application";
		};
/* End PBXNativeTarget section */

/* Begin PBXProject section */
		7BC16955194277F000C61224 /* Project object */ = {
			isa = PBXProject;
			attributes = {
				LastSwiftUpdateCheck = 0720;
				LastUpgradeCheck = 0720;
				ORGANIZATIONNAME = "Ali Karagoz";
				TargetAttributes = {
					7BC1695C194277F000C61224 = {
						CreatedOnToolsVersion = 6.0;
					};
				};
			};
			buildConfigurationList = 7BC16958194277F000C61224 /* Build configuration list for PBXProject "Swifty News" */;
			compatibilityVersion = "Xcode 3.2";
			developmentRegion = English;
			hasScannedForEncodings = 0;
			knownRegions = (
				en,
			);
			mainGroup = 7BC16954194277F000C61224;
			productRefGroup = 7BC1695E194277F000C61224 /* Products */;
			projectDirPath = "";
			projectRoot = "";
			targets = (
				7BC1695C194277F000C61224 /* Swifty News */,
			);
		};
/* End PBXProject section */

/* Begin PBXResourcesBuildPhase section */
		7BC1695B194277F000C61224 /* Resources */ = {
			isa = PBXResourcesBuildPhase;
			buildActionMask = 2147483647;
			files = (
				7B5DAB041C6259A800811C11 /* Launch Screen.storyboard in Resources */,
				7BC16965194277F000C61224 /* Images.xcassets in Resources */,
			);
			runOnlyForDeploymentPostprocessing = 0;
		};
/* End PBXResourcesBuildPhase section */

/* Begin PBXSourcesBuildPhase section */
		7BC16959194277F000C61224 /* Sources */ = {
			isa = PBXSourcesBuildPhase;
			buildActionMask = 2147483647;
			files = (
				C41C20451CD7BF5F0039D12C /* Entry.swift in Sources */,
				7B5DAB061C625BB600811C11 /* FeedProvider.swift in Sources */,
				C41C204E1CD7C5790039D12C /* Category.swift in Sources */,
				7BC1697D19428EF100C61224 /* TableViewCell.swift in Sources */,
				7BC1697B19427A4800C61224 /* NewsTableViewController.swift in Sources */,
				7BC16963194277F000C61224 /* AppDelegate.swift in Sources */,
			);
			runOnlyForDeploymentPostprocessing = 0;
		};
/* End PBXSourcesBuildPhase section */

/* Begin XCBuildConfiguration section */
		7BC16972194277F000C61224 /* Debug */ = {
			isa = XCBuildConfiguration;
			buildSettings = {
				ALWAYS_SEARCH_USER_PATHS = NO;
				CLANG_CXX_LANGUAGE_STANDARD = "gnu++0x";
				CLANG_CXX_LIBRARY = "libc++";
				CLANG_ENABLE_MODULES = YES;
				CLANG_ENABLE_OBJC_ARC = YES;
				CLANG_WARN_BOOL_CONVERSION = YES;
				CLANG_WARN_CONSTANT_CONVERSION = YES;
				CLANG_WARN_DIRECT_OBJC_ISA_USAGE = YES_ERROR;
				CLANG_WARN_EMPTY_BODY = YES;
				CLANG_WARN_ENUM_CONVERSION = YES;
				CLANG_WARN_INT_CONVERSION = YES;
				CLANG_WARN_OBJC_ROOT_CLASS = YES_ERROR;
				CLANG_WARN_UNREACHABLE_CODE = YES;
				CLANG_WARN__DUPLICATE_METHOD_MATCH = YES;
				"CODE_SIGN_IDENTITY[sdk=iphoneos*]" = "iPhone Developer";
				COPY_PHASE_STRIP = NO;
				ENABLE_STRICT_OBJC_MSGSEND = YES;
				ENABLE_TESTABILITY = YES;
				GCC_C_LANGUAGE_STANDARD = gnu99;
				GCC_DYNAMIC_NO_PIC = NO;
				GCC_OPTIMIZATION_LEVEL = 0;
				GCC_PREPROCESSOR_DEFINITIONS = (
					"DEBUG=1",
					"$(inherited)",
				);
				GCC_SYMBOLS_PRIVATE_EXTERN = NO;
				GCC_WARN_64_TO_32_BIT_CONVERSION = YES;
				GCC_WARN_ABOUT_RETURN_TYPE = YES_ERROR;
				GCC_WARN_UNDECLARED_SELECTOR = YES;
				GCC_WARN_UNINITIALIZED_AUTOS = YES_AGGRESSIVE;
				GCC_WARN_UNUSED_FUNCTION = YES;
				GCC_WARN_UNUSED_VARIABLE = YES;
				IPHONEOS_DEPLOYMENT_TARGET = 9.0;
				METAL_ENABLE_DEBUG_INFO = YES;
				ONLY_ACTIVE_ARCH = YES;
				SDKROOT = iphoneos;
				SWIFT_OPTIMIZATION_LEVEL = "-Onone";
				TARGETED_DEVICE_FAMILY = "1,2";
			};
			name = Debug;
		};
		7BC16973194277F000C61224 /* Release */ = {
			isa = XCBuildConfiguration;
			buildSettings = {
				ALWAYS_SEARCH_USER_PATHS = NO;
				CLANG_CXX_LANGUAGE_STANDARD = "gnu++0x";
				CLANG_CXX_LIBRARY = "libc++";
				CLANG_ENABLE_MODULES = YES;
				CLANG_ENABLE_OBJC_ARC = YES;
				CLANG_WARN_BOOL_CONVERSION = YES;
				CLANG_WARN_CONSTANT_CONVERSION = YES;
				CLANG_WARN_DIRECT_OBJC_ISA_USAGE = YES_ERROR;
				CLANG_WARN_EMPTY_BODY = YES;
				CLANG_WARN_ENUM_CONVERSION = YES;
				CLANG_WARN_INT_CONVERSION = YES;
				CLANG_WARN_OBJC_ROOT_CLASS = YES_ERROR;
				CLANG_WARN_UNREACHABLE_CODE = YES;
				CLANG_WARN__DUPLICATE_METHOD_MATCH = YES;
				"CODE_SIGN_IDENTITY[sdk=iphoneos*]" = "iPhone Developer";
				COPY_PHASE_STRIP = YES;
				ENABLE_NS_ASSERTIONS = NO;
				ENABLE_STRICT_OBJC_MSGSEND = YES;
				GCC_C_LANGUAGE_STANDARD = gnu99;
				GCC_WARN_64_TO_32_BIT_CONVERSION = YES;
				GCC_WARN_ABOUT_RETURN_TYPE = YES_ERROR;
				GCC_WARN_UNDECLARED_SELECTOR = YES;
				GCC_WARN_UNINITIALIZED_AUTOS = YES_AGGRESSIVE;
				GCC_WARN_UNUSED_FUNCTION = YES;
				GCC_WARN_UNUSED_VARIABLE = YES;
				IPHONEOS_DEPLOYMENT_TARGET = 9.0;
				METAL_ENABLE_DEBUG_INFO = NO;
				SDKROOT = iphoneos;
				TARGETED_DEVICE_FAMILY = "1,2";
				VALIDATE_PRODUCT = YES;
			};
			name = Release;
		};
		7BC16975194277F000C61224 /* Debug */ = {
			isa = XCBuildConfiguration;
			buildSettings = {
				ASSETCATALOG_COMPILER_APPICON_NAME = AppIcon;
				INFOPLIST_FILE = "Swifty News/Info.plist";
				LD_RUNPATH_SEARCH_PATHS = "$(inherited) @executable_path/Frameworks";
				PRODUCT_BUNDLE_IDENTIFIER = "com.alikaragoz.${PRODUCT_NAME:rfc1034identifier}";
				PRODUCT_NAME = "$(TARGET_NAME)";
			};
			name = Debug;
		};
		7BC16976194277F000C61224 /* Release */ = {
			isa = XCBuildConfiguration;
			buildSettings = {
				ASSETCATALOG_COMPILER_APPICON_NAME = AppIcon;
				INFOPLIST_FILE = "Swifty News/Info.plist";
				LD_RUNPATH_SEARCH_PATHS = "$(inherited) @executable_path/Frameworks";
				PRODUCT_BUNDLE_IDENTIFIER = "com.alikaragoz.${PRODUCT_NAME:rfc1034identifier}";
				PRODUCT_NAME = "$(TARGET_NAME)";
			};
			name = Release;
		};
/* End XCBuildConfiguration section */

/* Begin XCConfigurationList section */
		7BC16958194277F000C61224 /* Build configuration list for PBXProject "Swifty News" */ = {
			isa = XCConfigurationList;
			buildConfigurations = (
				7BC16972194277F000C61224 /* Debug */,
				7BC16973194277F000C61224 /* Release */,
			);
			defaultConfigurationIsVisible = 0;
			defaultConfigurationName = Release;
		};
		7BC16974194277F000C61224 /* Build configuration list for PBXNativeTarget "Swifty News" */ = {
			isa = XCConfigurationList;
			buildConfigurations = (
				7BC16975194277F000C61224 /* Debug */,
				7BC16976194277F000C61224 /* Release */,
			);
			defaultConfigurationIsVisible = 0;
			defaultConfigurationName = Release;
		};
/* End XCConfigurationList section */
	};
	rootObject = 7BC16955194277F000C61224 /* Project object */;
}
